
Microsoft Visual Studio Solution File, Format Version 12.00
# Visual Studio Version 17
VisualStudioVersion = 17.11.35327.3
MinimumVisualStudioVersion = 10.0.40219.1
Project("{FAE04EC0-301F-11D3-BF4B-00C04F79EFBC}") = "ImpresionPOS58", "ImpresionPOS58\ImpresionPOS58.csproj", "{7204083B-56BD-485B-B90E-5551DB85EEC9}"
EndProject
Global
	GlobalSection(SolutionConfigurationPlatforms) = preSolution
		Debug|Any CPU = Debug|Any CPU
		Release|Any CPU = Release|Any CPU
	EndGlobalSection
	GlobalSection(ProjectConfigurationPlatforms) = postSolution
		{7204083B-56BD-485B-B90E-5551DB85EEC9}.Debug|Any CPU.ActiveCfg = Debug|Any CPU
		{7204083B-56BD-485B-B90E-5551DB85EEC9}.Debug|Any CPU.Build.0 = Debug|Any CPU
		{7204083B-56BD-485B-B90E-5551DB85EEC9}.Release|Any CPU.ActiveCfg = Release|Any CPU
		{7204083B-56BD-485B-B90E-5551DB85EEC9}.Release|Any CPU.Build.0 = Release|Any CPU
	EndGlobalSection
	GlobalSection(SolutionProperties) = preSolution
		HideSolutionNode = FALSE
	EndGlobalSection
	GlobalSection(ExtensibilityGlobals) = postSolution
		SolutionGuid = {F804E3B4-6B3C-4E2F-A90C-93D6F1E98646}
	EndGlobalSection
EndGlobal
